
Microsoft Visual Studio Solution File, Format Version 12.00
# Visual Studio Version 17
VisualStudioVersion = 17.13.35931.197 d17.13
MinimumVisualStudioVersion = 10.0.40219.1
Project("{FAE04EC0-301F-11D3-BF4B-00C04F79EFBC}") = "VirtualPLC", "VirtualPLC.csproj", "{88A93D49-5E7B-491F-A9FB-0360C26EA47E}"
EndProject
Global
	GlobalSection(SolutionConfigurationPlatforms) = preSolution
		Debug|Any CPU = Debug|Any CPU
		Release|Any CPU = Release|Any CPU
	EndGlobalSection
	GlobalSection(ProjectConfigurationPlatforms) = postSolution
		{88A93D49-5E7B-491F-A9FB-0360C26EA47E}.Debug|Any CPU.ActiveCfg = Debug|Any CPU
		{88A93D49-5E7B-491F-A9FB-0360C26EA47E}.Debug|Any CPU.Build.0 = Debug|Any CPU
		{88A93D49-5E7B-491F-A9FB-0360C26EA47E}.Release|Any CPU.ActiveCfg = Release|Any CPU
		{88A93D49-5E7B-491F-A9FB-0360C26EA47E}.Release|Any CPU.Build.0 = Release|Any CPU
	EndGlobalSection
	GlobalSection(SolutionProperties) = preSolution
		HideSolutionNode = FALSE
	EndGlobalSection
	GlobalSection(ExtensibilityGlobals) = postSolution
		SolutionGuid = {AB5F1EFE-672C-44A8-BE94-795B8E55F4BB}
	EndGlobalSection
EndGlobal
